// !$*UTF8*$!
{
	archiveVersion = 1;
	classes = {
	};
	objectVersion = 56;
	objects = {

/* Begin PBXBuildFile section */
		1A341CE32C199DA500216C99 /* FooterView.swift in Sources */ = {isa = PBXBuildFile; fileRef = 1A341CE22C199DA500216C99 /* FooterView.swift */; };
		1A341CFE2C19A1F200216C99 /* AsyncImageView.swift in Sources */ = {isa = PBXBuildFile; fileRef = 1A341CE82C19A1F200216C99 /* AsyncImageView.swift */; };
		1A341CFF2C19A1F200216C99 /* CachedAsyncImage.swift in Sources */ = {isa = PBXBuildFile; fileRef = 1A341CE92C19A1F200216C99 /* CachedAsyncImage.swift */; };
		1A341D002C19A1F200216C99 /* StrokeView.swift in Sources */ = {isa = PBXBuildFile; fileRef = 1A341CEA2C19A1F200216C99 /* StrokeView.swift */; };
		1A341D012C19A1F200216C99 /* AlertView.swift in Sources */ = {isa = PBXBuildFile; fileRef = 1A341CEC2C19A1F200216C99 /* AlertView.swift */; };
		1A341D022C19A1F200216C99 /* SAButton.swift in Sources */ = {isa = PBXBuildFile; fileRef = 1A341CED2C19A1F200216C99 /* SAButton.swift */; };
		1A341D032C19A1F200216C99 /* SAToggle.swift in Sources */ = {isa = PBXBuildFile; fileRef = 1A341CEE2C19A1F200216C99 /* SAToggle.swift */; };
		1A341D042C19A1F200216C99 /* DesignTokenPreview.swift in Sources */ = {isa = PBXBuildFile; fileRef = 1A341CF02C19A1F200216C99 /* DesignTokenPreview.swift */; };
		1A341D052C19A1F200216C99 /* GlobalColor.swift in Sources */ = {isa = PBXBuildFile; fileRef = 1A341CF12C19A1F200216C99 /* GlobalColor.swift */; };
		1A341D062C19A1F200216C99 /* GlobalColor+ColorExtension.swift in Sources */ = {isa = PBXBuildFile; fileRef = 1A341CF22C19A1F200216C99 /* GlobalColor+ColorExtension.swift */; };
		1A341D072C19A1F200216C99 /* SAColor.swift in Sources */ = {isa = PBXBuildFile; fileRef = 1A341CF32C19A1F200216C99 /* SAColor.swift */; };
		1A341D082C19A1F200216C99 /* SAFont.swift in Sources */ = {isa = PBXBuildFile; fileRef = 1A341CF42C19A1F200216C99 /* SAFont.swift */; };
		1A341D092C19A1F200216C99 /* SALayout.swift in Sources */ = {isa = PBXBuildFile; fileRef = 1A341CF52C19A1F200216C99 /* SALayout.swift */; };
		1A341D0A2C19A1F200216C99 /* SAOverlayView.swift in Sources */ = {isa = PBXBuildFile; fileRef = 1A341CF62C19A1F200216C99 /* SAOverlayView.swift */; };
		1A341D0B2C19A1F200216C99 /* SATheme.swift in Sources */ = {isa = PBXBuildFile; fileRef = 1A341CF72C19A1F200216C99 /* SATheme.swift */; };
		1A341D0C2C19A1F200216C99 /* CGRect+Extension.swift in Sources */ = {isa = PBXBuildFile; fileRef = 1A341CF92C19A1F200216C99 /* CGRect+Extension.swift */; };
		1A341D0D2C19A1F200216C99 /* TypeAlignment.swift in Sources */ = {isa = PBXBuildFile; fileRef = 1A341CFA2C19A1F200216C99 /* TypeAlignment.swift */; };
		1A341D0E2C19A1F200216C99 /* View+Extension.swift in Sources */ = {isa = PBXBuildFile; fileRef = 1A341CFB2C19A1F200216C99 /* View+Extension.swift */; };
		1A341D102C19A25C00216C99 /* ObserverModifier.swift in Sources */ = {isa = PBXBuildFile; fileRef = 1A341D0F2C19A25C00216C99 /* ObserverModifier.swift */; };
		1A341D122C19A29400216C99 /* GoldView.swift in Sources */ = {isa = PBXBuildFile; fileRef = 1A341D112C19A29400216C99 /* GoldView.swift */; };
		1A3ACD542C10659100C1CC43 /* QuanticoApp.swift in Sources */ = {isa = PBXBuildFile; fileRef = 1A3ACD532C10659100C1CC43 /* QuanticoApp.swift */; };
		1A3ACD562C10659100C1CC43 /* ContentView.swift in Sources */ = {isa = PBXBuildFile; fileRef = 1A3ACD552C10659100C1CC43 /* ContentView.swift */; };
		1A3ACD582C10659400C1CC43 /* Assets.xcassets in Resources */ = {isa = PBXBuildFile; fileRef = 1A3ACD572C10659400C1CC43 /* Assets.xcassets */; };
		1A3ACD5C2C10659400C1CC43 /* Preview Assets.xcassets in Resources */ = {isa = PBXBuildFile; fileRef = 1A3ACD5B2C10659400C1CC43 /* Preview Assets.xcassets */; };
		1A3ACD662C10659400C1CC43 /* QuanticoTests.swift in Sources */ = {isa = PBXBuildFile; fileRef = 1A3ACD652C10659400C1CC43 /* QuanticoTests.swift */; };
		1A3ACD702C10659400C1CC43 /* QuanticoUITests.swift in Sources */ = {isa = PBXBuildFile; fileRef = 1A3ACD6F2C10659400C1CC43 /* QuanticoUITests.swift */; };
		1A3ACD722C10659400C1CC43 /* QuanticoUITestsLaunchTests.swift in Sources */ = {isa = PBXBuildFile; fileRef = 1A3ACD712C10659400C1CC43 /* QuanticoUITestsLaunchTests.swift */; };
		1A3ACD7F2C10690000C1CC43 /* Item.swift in Sources */ = {isa = PBXBuildFile; fileRef = 1A3ACD7E2C10690000C1CC43 /* Item.swift */; };
		1A7B8BDA2C12B235007075BF /* CardCarouselView.swift in Sources */ = {isa = PBXBuildFile; fileRef = 1A7B8BD92C12B235007075BF /* CardCarouselView.swift */; };
/* End PBXBuildFile section */

/* Begin PBXContainerItemProxy section */
		1A3ACD622C10659400C1CC43 /* PBXContainerItemProxy */ = {
			isa = PBXContainerItemProxy;
			containerPortal = 1A3ACD482C10659100C1CC43 /* Project object */;
			proxyType = 1;
			remoteGlobalIDString = 1A3ACD4F2C10659100C1CC43;
			remoteInfo = Quantico;
		};
		1A3ACD6C2C10659400C1CC43 /* PBXContainerItemProxy */ = {
			isa = PBXContainerItemProxy;
			containerPortal = 1A3ACD482C10659100C1CC43 /* Project object */;
			proxyType = 1;
			remoteGlobalIDString = 1A3ACD4F2C10659100C1CC43;
			remoteInfo = Quantico;
		};
/* End PBXContainerItemProxy section */

/* Begin PBXFileReference section */
		1A341CE22C199DA500216C99 /* FooterView.swift */ = {isa = PBXFileReference; lastKnownFileType = sourcecode.swift; path = FooterView.swift; sourceTree = "<group>"; };
		1A341CE82C19A1F200216C99 /* AsyncImageView.swift */ = {isa = PBXFileReference; fileEncoding = 4; lastKnownFileType = sourcecode.swift; path = AsyncImageView.swift; sourceTree = "<group>"; };
		1A341CE92C19A1F200216C99 /* CachedAsyncImage.swift */ = {isa = PBXFileReference; fileEncoding = 4; lastKnownFileType = sourcecode.swift; path = CachedAsyncImage.swift; sourceTree = "<group>"; };
		1A341CEA2C19A1F200216C99 /* StrokeView.swift */ = {isa = PBXFileReference; fileEncoding = 4; lastKnownFileType = sourcecode.swift; path = StrokeView.swift; sourceTree = "<group>"; };
		1A341CEC2C19A1F200216C99 /* AlertView.swift */ = {isa = PBXFileReference; fileEncoding = 4; lastKnownFileType = sourcecode.swift; path = AlertView.swift; sourceTree = "<group>"; };
		1A341CED2C19A1F200216C99 /* SAButton.swift */ = {isa = PBXFileReference; fileEncoding = 4; lastKnownFileType = sourcecode.swift; path = SAButton.swift; sourceTree = "<group>"; };
		1A341CEE2C19A1F200216C99 /* SAToggle.swift */ = {isa = PBXFileReference; fileEncoding = 4; lastKnownFileType = sourcecode.swift; path = SAToggle.swift; sourceTree = "<group>"; };
		1A341CF02C19A1F200216C99 /* DesignTokenPreview.swift */ = {isa = PBXFileReference; fileEncoding = 4; lastKnownFileType = sourcecode.swift; path = DesignTokenPreview.swift; sourceTree = "<group>"; };
		1A341CF12C19A1F200216C99 /* GlobalColor.swift */ = {isa = PBXFileReference; fileEncoding = 4; lastKnownFileType = sourcecode.swift; path = GlobalColor.swift; sourceTree = "<group>"; };
		1A341CF22C19A1F200216C99 /* GlobalColor+ColorExtension.swift */ = {isa = PBXFileReference; fileEncoding = 4; lastKnownFileType = sourcecode.swift; path = "GlobalColor+ColorExtension.swift"; sourceTree = "<group>"; };
		1A341CF32C19A1F200216C99 /* SAColor.swift */ = {isa = PBXFileReference; fileEncoding = 4; lastKnownFileType = sourcecode.swift; path = SAColor.swift; sourceTree = "<group>"; };
		1A341CF42C19A1F200216C99 /* SAFont.swift */ = {isa = PBXFileReference; fileEncoding = 4; lastKnownFileType = sourcecode.swift; path = SAFont.swift; sourceTree = "<group>"; };
		1A341CF52C19A1F200216C99 /* SALayout.swift */ = {isa = PBXFileReference; fileEncoding = 4; lastKnownFileType = sourcecode.swift; path = SALayout.swift; sourceTree = "<group>"; };
		1A341CF62C19A1F200216C99 /* SAOverlayView.swift */ = {isa = PBXFileReference; fileEncoding = 4; lastKnownFileType = sourcecode.swift; path = SAOverlayView.swift; sourceTree = "<group>"; };
		1A341CF72C19A1F200216C99 /* SATheme.swift */ = {isa = PBXFileReference; fileEncoding = 4; lastKnownFileType = sourcecode.swift; path = SATheme.swift; sourceTree = "<group>"; };
		1A341CF92C19A1F200216C99 /* CGRect+Extension.swift */ = {isa = PBXFileReference; fileEncoding = 4; lastKnownFileType = sourcecode.swift; path = "CGRect+Extension.swift"; sourceTree = "<group>"; };
		1A341CFA2C19A1F200216C99 /* TypeAlignment.swift */ = {isa = PBXFileReference; fileEncoding = 4; lastKnownFileType = sourcecode.swift; path = TypeAlignment.swift; sourceTree = "<group>"; };
		1A341CFB2C19A1F200216C99 /* View+Extension.swift */ = {isa = PBXFileReference; fileEncoding = 4; lastKnownFileType = sourcecode.swift; path = "View+Extension.swift"; sourceTree = "<group>"; };
		1A341D0F2C19A25C00216C99 /* ObserverModifier.swift */ = {isa = PBXFileReference; lastKnownFileType = sourcecode.swift; path = ObserverModifier.swift; sourceTree = "<group>"; };
		1A341D112C19A29400216C99 /* GoldView.swift */ = {isa = PBXFileReference; lastKnownFileType = sourcecode.swift; path = GoldView.swift; sourceTree = "<group>"; };
		1A3ACD502C10659100C1CC43 /* Quantico.app */ = {isa = PBXFileReference; explicitFileType = wrapper.application; includeInIndex = 0; path = Quantico.app; sourceTree = BUILT_PRODUCTS_DIR; };
		1A3ACD532C10659100C1CC43 /* QuanticoApp.swift */ = {isa = PBXFileReference; lastKnownFileType = sourcecode.swift; path = QuanticoApp.swift; sourceTree = "<group>"; };
		1A3ACD552C10659100C1CC43 /* ContentView.swift */ = {isa = PBXFileReference; lastKnownFileType = sourcecode.swift; path = ContentView.swift; sourceTree = "<group>"; };
		1A3ACD572C10659400C1CC43 /* Assets.xcassets */ = {isa = PBXFileReference; lastKnownFileType = folder.assetcatalog; path = Assets.xcassets; sourceTree = "<group>"; };
		1A3ACD592C10659400C1CC43 /* Quantico.entitlements */ = {isa = PBXFileReference; lastKnownFileType = text.plist.entitlements; path = Quantico.entitlements; sourceTree = "<group>"; };
		1A3ACD5B2C10659400C1CC43 /* Preview Assets.xcassets */ = {isa = PBXFileReference; lastKnownFileType = folder.assetcatalog; path = "Preview Assets.xcassets"; sourceTree = "<group>"; };
		1A3ACD612C10659400C1CC43 /* QuanticoTests.xctest */ = {isa = PBXFileReference; explicitFileType = wrapper.cfbundle; includeInIndex = 0; path = QuanticoTests.xctest; sourceTree = BUILT_PRODUCTS_DIR; };
		1A3ACD652C10659400C1CC43 /* QuanticoTests.swift */ = {isa = PBXFileReference; lastKnownFileType = sourcecode.swift; path = QuanticoTests.swift; sourceTree = "<group>"; };
		1A3ACD6B2C10659400C1CC43 /* QuanticoUITests.xctest */ = {isa = PBXFileReference; explicitFileType = wrapper.cfbundle; includeInIndex = 0; path = QuanticoUITests.xctest; sourceTree = BUILT_PRODUCTS_DIR; };
		1A3ACD6F2C10659400C1CC43 /* QuanticoUITests.swift */ = {isa = PBXFileReference; lastKnownFileType = sourcecode.swift; path = QuanticoUITests.swift; sourceTree = "<group>"; };
		1A3ACD712C10659400C1CC43 /* QuanticoUITestsLaunchTests.swift */ = {isa = PBXFileReference; lastKnownFileType = sourcecode.swift; path = QuanticoUITestsLaunchTests.swift; sourceTree = "<group>"; };
		1A3ACD7E2C10690000C1CC43 /* Item.swift */ = {isa = PBXFileReference; lastKnownFileType = sourcecode.swift; path = Item.swift; sourceTree = "<group>"; };
		1A7B8BD92C12B235007075BF /* CardCarouselView.swift */ = {isa = PBXFileReference; lastKnownFileType = sourcecode.swift; path = CardCarouselView.swift; sourceTree = "<group>"; };
/* End PBXFileReference section */

/* Begin PBXFrameworksBuildPhase section */
		1A3ACD4D2C10659100C1CC43 /* Frameworks */ = {
			isa = PBXFrameworksBuildPhase;
			buildActionMask = 2147483647;
			files = (
			);
			runOnlyForDeploymentPostprocessing = 0;
		};
		1A3ACD5E2C10659400C1CC43 /* Frameworks */ = {
			isa = PBXFrameworksBuildPhase;
			buildActionMask = 2147483647;
			files = (
			);
			runOnlyForDeploymentPostprocessing = 0;
		};
		1A3ACD682C10659400C1CC43 /* Frameworks */ = {
			isa = PBXFrameworksBuildPhase;
			buildActionMask = 2147483647;
			files = (
			);
			runOnlyForDeploymentPostprocessing = 0;
		};
/* End PBXFrameworksBuildPhase section */

/* Begin PBXGroup section */
		1A341CEB2C19A1F200216C99 /* BasicViews */ = {
			isa = PBXGroup;
			children = (
				1A341CE82C19A1F200216C99 /* AsyncImageView.swift */,
				1A341CE92C19A1F200216C99 /* CachedAsyncImage.swift */,
				1A341CEA2C19A1F200216C99 /* StrokeView.swift */,
				1A341D112C19A29400216C99 /* GoldView.swift */,
			);
			path = BasicViews;
			sourceTree = "<group>";
		};
		1A341CEF2C19A1F200216C99 /* Component */ = {
			isa = PBXGroup;
			children = (
				1A341CEC2C19A1F200216C99 /* AlertView.swift */,
				1A341CED2C19A1F200216C99 /* SAButton.swift */,
				1A341CEE2C19A1F200216C99 /* SAToggle.swift */,
			);
			path = Component;
			sourceTree = "<group>";
		};
		1A341CF82C19A1F200216C99 /* DesignToken */ = {
			isa = PBXGroup;
			children = (
				1A341CF02C19A1F200216C99 /* DesignTokenPreview.swift */,
				1A341CF12C19A1F200216C99 /* GlobalColor.swift */,
				1A341CF22C19A1F200216C99 /* GlobalColor+ColorExtension.swift */,
				1A341CF32C19A1F200216C99 /* SAColor.swift */,
				1A341CF42C19A1F200216C99 /* SAFont.swift */,
				1A341CF52C19A1F200216C99 /* SALayout.swift */,
				1A341CF62C19A1F200216C99 /* SAOverlayView.swift */,
				1A341CF72C19A1F200216C99 /* SATheme.swift */,
			);
			path = DesignToken;
			sourceTree = "<group>";
		};
		1A341CFC2C19A1F200216C99 /* ViewModifiers */ = {
			isa = PBXGroup;
			children = (
				1A341CF92C19A1F200216C99 /* CGRect+Extension.swift */,
				1A341CFA2C19A1F200216C99 /* TypeAlignment.swift */,
				1A341CFB2C19A1F200216C99 /* View+Extension.swift */,
				1A341D0F2C19A25C00216C99 /* ObserverModifier.swift */,
			);
			path = ViewModifiers;
			sourceTree = "<group>";
		};
		1A341CFD2C19A1F200216C99 /* DesignSystem */ = {
			isa = PBXGroup;
			children = (
				1A341CEB2C19A1F200216C99 /* BasicViews */,
				1A341CEF2C19A1F200216C99 /* Component */,
				1A341CF82C19A1F200216C99 /* DesignToken */,
				1A341CFC2C19A1F200216C99 /* ViewModifiers */,
			);
			path = DesignSystem;
			sourceTree = "<group>";
		};
		1A3ACD472C10659100C1CC43 = {
			isa = PBXGroup;
			children = (
				1A3ACD522C10659100C1CC43 /* Quantico */,
				1A3ACD642C10659400C1CC43 /* QuanticoTests */,
				1A3ACD6E2C10659400C1CC43 /* QuanticoUITests */,
				1A3ACD512C10659100C1CC43 /* Products */,
			);
			sourceTree = "<group>";
		};
		1A3ACD512C10659100C1CC43 /* Products */ = {
			isa = PBXGroup;
			children = (
				1A3ACD502C10659100C1CC43 /* Quantico.app */,
				1A3ACD612C10659400C1CC43 /* QuanticoTests.xctest */,
				1A3ACD6B2C10659400C1CC43 /* QuanticoUITests.xctest */,
			);
			name = Products;
			sourceTree = "<group>";
		};
		1A3ACD522C10659100C1CC43 /* Quantico */ = {
			isa = PBXGroup;
			children = (
				1A341CFD2C19A1F200216C99 /* DesignSystem */,
				1A3ACD802C106A2000C1CC43 /* Model */,
				1A3ACD532C10659100C1CC43 /* QuanticoApp.swift */,
				1A3ACD552C10659100C1CC43 /* ContentView.swift */,
				1A3ACD572C10659400C1CC43 /* Assets.xcassets */,
				1A3ACD592C10659400C1CC43 /* Quantico.entitlements */,
				1A3ACD5A2C10659400C1CC43 /* Preview Content */,
				1A7B8BD92C12B235007075BF /* CardCarouselView.swift */,
				1A341CE22C199DA500216C99 /* FooterView.swift */,
			);
			path = Quantico;
			sourceTree = "<group>";
		};
		1A3ACD5A2C10659400C1CC43 /* Preview Content */ = {
			isa = PBXGroup;
			children = (
				1A3ACD5B2C10659400C1CC43 /* Preview Assets.xcassets */,
			);
			path = "Preview Content";
			sourceTree = "<group>";
		};
		1A3ACD642C10659400C1CC43 /* QuanticoTests */ = {
			isa = PBXGroup;
			children = (
				1A3ACD652C10659400C1CC43 /* QuanticoTests.swift */,
			);
			path = QuanticoTests;
			sourceTree = "<group>";
		};
		1A3ACD6E2C10659400C1CC43 /* QuanticoUITests */ = {
			isa = PBXGroup;
			children = (
				1A3ACD6F2C10659400C1CC43 /* QuanticoUITests.swift */,
				1A3ACD712C10659400C1CC43 /* QuanticoUITestsLaunchTests.swift */,
			);
			path = QuanticoUITests;
			sourceTree = "<group>";
		};
		1A3ACD802C106A2000C1CC43 /* Model */ = {
			isa = PBXGroup;
			children = (
				1A3ACD7E2C10690000C1CC43 /* Item.swift */,
			);
			path = Model;
			sourceTree = "<group>";
		};
/* End PBXGroup section */

/* Begin PBXNativeTarget section */
		1A3ACD4F2C10659100C1CC43 /* Quantico */ = {
			isa = PBXNativeTarget;
			buildConfigurationList = 1A3ACD752C10659400C1CC43 /* Build configuration list for PBXNativeTarget "Quantico" */;
			buildPhases = (
				1A3ACD4C2C10659100C1CC43 /* Sources */,
				1A3ACD4D2C10659100C1CC43 /* Frameworks */,
				1A3ACD4E2C10659100C1CC43 /* Resources */,
			);
			buildRules = (
			);
			dependencies = (
			);
			name = Quantico;
			productName = Quantico;
			productReference = 1A3ACD502C10659100C1CC43 /* Quantico.app */;
			productType = "com.apple.product-type.application";
		};
		1A3ACD602C10659400C1CC43 /* QuanticoTests */ = {
			isa = PBXNativeTarget;
			buildConfigurationList = 1A3ACD782C10659400C1CC43 /* Build configuration list for PBXNativeTarget "QuanticoTests" */;
			buildPhases = (
				1A3ACD5D2C10659400C1CC43 /* Sources */,
				1A3ACD5E2C10659400C1CC43 /* Frameworks */,
				1A3ACD5F2C10659400C1CC43 /* Resources */,
			);
			buildRules = (
			);
			dependencies = (
				1A3ACD632C10659400C1CC43 /* PBXTargetDependency */,
			);
			name = QuanticoTests;
			productName = QuanticoTests;
			productReference = 1A3ACD612C10659400C1CC43 /* QuanticoTests.xctest */;
			productType = "com.apple.product-type.bundle.unit-test";
		};
		1A3ACD6A2C10659400C1CC43 /* QuanticoUITests */ = {
			isa = PBXNativeTarget;
			buildConfigurationList = 1A3ACD7B2C10659400C1CC43 /* Build configuration list for PBXNativeTarget "QuanticoUITests" */;
			buildPhases = (
				1A3ACD672C10659400C1CC43 /* Sources */,
				1A3ACD682C10659400C1CC43 /* Frameworks */,
				1A3ACD692C10659400C1CC43 /* Resources */,
			);
			buildRules = (
			);
			dependencies = (
				1A3ACD6D2C10659400C1CC43 /* PBXTargetDependency */,
			);
			name = QuanticoUITests;
			productName = QuanticoUITests;
			productReference = 1A3ACD6B2C10659400C1CC43 /* QuanticoUITests.xctest */;
			productType = "com.apple.product-type.bundle.ui-testing";
		};
/* End PBXNativeTarget section */

/* Begin PBXProject section */
		1A3ACD482C10659100C1CC43 /* Project object */ = {
			isa = PBXProject;
			attributes = {
				BuildIndependentTargetsInParallel = 1;
				LastSwiftUpdateCheck = 1540;
				LastUpgradeCheck = 1540;
				TargetAttributes = {
					1A3ACD4F2C10659100C1CC43 = {
						CreatedOnToolsVersion = 15.4;
					};
					1A3ACD602C10659400C1CC43 = {
						CreatedOnToolsVersion = 15.4;
						TestTargetID = 1A3ACD4F2C10659100C1CC43;
					};
					1A3ACD6A2C10659400C1CC43 = {
						CreatedOnToolsVersion = 15.4;
						TestTargetID = 1A3ACD4F2C10659100C1CC43;
					};
				};
			};
			buildConfigurationList = 1A3ACD4B2C10659100C1CC43 /* Build configuration list for PBXProject "Quantico" */;
			compatibilityVersion = "Xcode 14.0";
			developmentRegion = en;
			hasScannedForEncodings = 0;
			knownRegions = (
				en,
				Base,
			);
			mainGroup = 1A3ACD472C10659100C1CC43;
			productRefGroup = 1A3ACD512C10659100C1CC43 /* Products */;
			projectDirPath = "";
			projectRoot = "";
			targets = (
				1A3ACD4F2C10659100C1CC43 /* Quantico */,
				1A3ACD602C10659400C1CC43 /* QuanticoTests */,
				1A3ACD6A2C10659400C1CC43 /* QuanticoUITests */,
			);
		};
/* End PBXProject section */

/* Begin PBXResourcesBuildPhase section */
		1A3ACD4E2C10659100C1CC43 /* Resources */ = {
			isa = PBXResourcesBuildPhase;
			buildActionMask = 2147483647;
			files = (
				1A3ACD5C2C10659400C1CC43 /* Preview Assets.xcassets in Resources */,
				1A3ACD582C10659400C1CC43 /* Assets.xcassets in Resources */,
			);
			runOnlyForDeploymentPostprocessing = 0;
		};
		1A3ACD5F2C10659400C1CC43 /* Resources */ = {
			isa = PBXResourcesBuildPhase;
			buildActionMask = 2147483647;
			files = (
			);
			runOnlyForDeploymentPostprocessing = 0;
		};
		1A3ACD692C10659400C1CC43 /* Resources */ = {
			isa = PBXResourcesBuildPhase;
			buildActionMask = 2147483647;
			files = (
			);
			runOnlyForDeploymentPostprocessing = 0;
		};
/* End PBXResourcesBuildPhase section */

/* Begin PBXSourcesBuildPhase section */
		1A3ACD4C2C10659100C1CC43 /* Sources */ = {
			isa = PBXSourcesBuildPhase;
			buildActionMask = 2147483647;
			files = (
				1A341D0D2C19A1F200216C99 /* TypeAlignment.swift in Sources */,
				1A341D102C19A25C00216C99 /* ObserverModifier.swift in Sources */,
				1A7B8BDA2C12B235007075BF /* CardCarouselView.swift in Sources */,
				1A3ACD562C10659100C1CC43 /* ContentView.swift in Sources */,
				1A341D082C19A1F200216C99 /* SAFont.swift in Sources */,
				1A341D0A2C19A1F200216C99 /* SAOverlayView.swift in Sources */,
				1A341D012C19A1F200216C99 /* AlertView.swift in Sources */,
				1A3ACD7F2C10690000C1CC43 /* Item.swift in Sources */,
				1A341D072C19A1F200216C99 /* SAColor.swift in Sources */,
				1A341D092C19A1F200216C99 /* SALayout.swift in Sources */,
				1A341D122C19A29400216C99 /* GoldView.swift in Sources */,
				1A341CE32C199DA500216C99 /* FooterView.swift in Sources */,
				1A341D0C2C19A1F200216C99 /* CGRect+Extension.swift in Sources */,
				1A341D032C19A1F200216C99 /* SAToggle.swift in Sources */,
				1A3ACD542C10659100C1CC43 /* QuanticoApp.swift in Sources */,
				1A341CFF2C19A1F200216C99 /* CachedAsyncImage.swift in Sources */,
				1A341D042C19A1F200216C99 /* DesignTokenPreview.swift in Sources */,
				1A341D002C19A1F200216C99 /* StrokeView.swift in Sources */,
				1A341D0B2C19A1F200216C99 /* SATheme.swift in Sources */,
				1A341D062C19A1F200216C99 /* GlobalColor+ColorExtension.swift in Sources */,
				1A341D0E2C19A1F200216C99 /* View+Extension.swift in Sources */,
				1A341D052C19A1F200216C99 /* GlobalColor.swift in Sources */,
				1A341CFE2C19A1F200216C99 /* AsyncImageView.swift in Sources */,
				1A341D022C19A1F200216C99 /* SAButton.swift in Sources */,
			);
			runOnlyForDeploymentPostprocessing = 0;
		};
		1A3ACD5D2C10659400C1CC43 /* Sources */ = {
			isa = PBXSourcesBuildPhase;
			buildActionMask = 2147483647;
			files = (
				1A3ACD662C10659400C1CC43 /* QuanticoTests.swift in Sources */,
			);
			runOnlyForDeploymentPostprocessing = 0;
		};
		1A3ACD672C10659400C1CC43 /* Sources */ = {
			isa = PBXSourcesBuildPhase;
			buildActionMask = 2147483647;
			files = (
				1A3ACD722C10659400C1CC43 /* QuanticoUITestsLaunchTests.swift in Sources */,
				1A3ACD702C10659400C1CC43 /* QuanticoUITests.swift in Sources */,
			);
			runOnlyForDeploymentPostprocessing = 0;
		};
/* End PBXSourcesBuildPhase section */

/* Begin PBXTargetDependency section */
		1A3ACD632C10659400C1CC43 /* PBXTargetDependency */ = {
			isa = PBXTargetDependency;
			target = 1A3ACD4F2C10659100C1CC43 /* Quantico */;
			targetProxy = 1A3ACD622C10659400C1CC43 /* PBXContainerItemProxy */;
		};
		1A3ACD6D2C10659400C1CC43 /* PBXTargetDependency */ = {
			isa = PBXTargetDependency;
			target = 1A3ACD4F2C10659100C1CC43 /* Quantico */;
			targetProxy = 1A3ACD6C2C10659400C1CC43 /* PBXContainerItemProxy */;
		};
/* End PBXTargetDependency section */

/* Begin XCBuildConfiguration section */
		1A3ACD732C10659400C1CC43 /* Debug */ = {
			isa = XCBuildConfiguration;
			buildSettings = {
				ALWAYS_SEARCH_USER_PATHS = NO;
				ASSETCATALOG_COMPILER_GENERATE_SWIFT_ASSET_SYMBOL_EXTENSIONS = YES;
				CLANG_ANALYZER_NONNULL = YES;
				CLANG_ANALYZER_NUMBER_OBJECT_CONVERSION = YES_AGGRESSIVE;
				CLANG_CXX_LANGUAGE_STANDARD = "gnu++20";
				CLANG_ENABLE_MODULES = YES;
				CLANG_ENABLE_OBJC_ARC = YES;
				CLANG_ENABLE_OBJC_WEAK = YES;
				CLANG_WARN_BLOCK_CAPTURE_AUTORELEASING = YES;
				CLANG_WARN_BOOL_CONVERSION = YES;
				CLANG_WARN_COMMA = YES;
				CLANG_WARN_CONSTANT_CONVERSION = YES;
				CLANG_WARN_DEPRECATED_OBJC_IMPLEMENTATIONS = YES;
				CLANG_WARN_DIRECT_OBJC_ISA_USAGE = YES_ERROR;
				CLANG_WARN_DOCUMENTATION_COMMENTS = YES;
				CLANG_WARN_EMPTY_BODY = YES;
				CLANG_WARN_ENUM_CONVERSION = YES;
				CLANG_WARN_INFINITE_RECURSION = YES;
				CLANG_WARN_INT_CONVERSION = YES;
				CLANG_WARN_NON_LITERAL_NULL_CONVERSION = YES;
				CLANG_WARN_OBJC_IMPLICIT_RETAIN_SELF = YES;
				CLANG_WARN_OBJC_LITERAL_CONVERSION = YES;
				CLANG_WARN_OBJC_ROOT_CLASS = YES_ERROR;
				CLANG_WARN_QUOTED_INCLUDE_IN_FRAMEWORK_HEADER = YES;
				CLANG_WARN_RANGE_LOOP_ANALYSIS = YES;
				CLANG_WARN_STRICT_PROTOTYPES = YES;
				CLANG_WARN_SUSPICIOUS_MOVE = YES;
				CLANG_WARN_UNGUARDED_AVAILABILITY = YES_AGGRESSIVE;
				CLANG_WARN_UNREACHABLE_CODE = YES;
				CLANG_WARN__DUPLICATE_METHOD_MATCH = YES;
				COPY_PHASE_STRIP = NO;
				DEBUG_INFORMATION_FORMAT = dwarf;
				ENABLE_STRICT_OBJC_MSGSEND = YES;
				ENABLE_TESTABILITY = YES;
				ENABLE_USER_SCRIPT_SANDBOXING = YES;
				GCC_C_LANGUAGE_STANDARD = gnu17;
				GCC_DYNAMIC_NO_PIC = NO;
				GCC_NO_COMMON_BLOCKS = YES;
				GCC_OPTIMIZATION_LEVEL = 0;
				GCC_PREPROCESSOR_DEFINITIONS = (
					"DEBUG=1",
					"$(inherited)",
				);
				GCC_WARN_64_TO_32_BIT_CONVERSION = YES;
				GCC_WARN_ABOUT_RETURN_TYPE = YES_ERROR;
				GCC_WARN_UNDECLARED_SELECTOR = YES;
				GCC_WARN_UNINITIALIZED_AUTOS = YES_AGGRESSIVE;
				GCC_WARN_UNUSED_FUNCTION = YES;
				GCC_WARN_UNUSED_VARIABLE = YES;
				LOCALIZATION_PREFERS_STRING_CATALOGS = YES;
				MTL_ENABLE_DEBUG_INFO = INCLUDE_SOURCE;
				MTL_FAST_MATH = YES;
				ONLY_ACTIVE_ARCH = YES;
				SWIFT_ACTIVE_COMPILATION_CONDITIONS = "DEBUG $(inherited)";
				SWIFT_OPTIMIZATION_LEVEL = "-Onone";
			};
			name = Debug;
		};
		1A3ACD742C10659400C1CC43 /* Release */ = {
			isa = XCBuildConfiguration;
			buildSettings = {
				ALWAYS_SEARCH_USER_PATHS = NO;
				ASSETCATALOG_COMPILER_GENERATE_SWIFT_ASSET_SYMBOL_EXTENSIONS = YES;
				CLANG_ANALYZER_NONNULL = YES;
				CLANG_ANALYZER_NUMBER_OBJECT_CONVERSION = YES_AGGRESSIVE;
				CLANG_CXX_LANGUAGE_STANDARD = "gnu++20";
				CLANG_ENABLE_MODULES = YES;
				CLANG_ENABLE_OBJC_ARC = YES;
				CLANG_ENABLE_OBJC_WEAK = YES;
				CLANG_WARN_BLOCK_CAPTURE_AUTORELEASING = YES;
				CLANG_WARN_BOOL_CONVERSION = YES;
				CLANG_WARN_COMMA = YES;
				CLANG_WARN_CONSTANT_CONVERSION = YES;
				CLANG_WARN_DEPRECATED_OBJC_IMPLEMENTATIONS = YES;
				CLANG_WARN_DIRECT_OBJC_ISA_USAGE = YES_ERROR;
				CLANG_WARN_DOCUMENTATION_COMMENTS = YES;
				CLANG_WARN_EMPTY_BODY = YES;
				CLANG_WARN_ENUM_CONVERSION = YES;
				CLANG_WARN_INFINITE_RECURSION = YES;
				CLANG_WARN_INT_CONVERSION = YES;
				CLANG_WARN_NON_LITERAL_NULL_CONVERSION = YES;
				CLANG_WARN_OBJC_IMPLICIT_RETAIN_SELF = YES;
				CLANG_WARN_OBJC_LITERAL_CONVERSION = YES;
				CLANG_WARN_OBJC_ROOT_CLASS = YES_ERROR;
				CLANG_WARN_QUOTED_INCLUDE_IN_FRAMEWORK_HEADER = YES;
				CLANG_WARN_RANGE_LOOP_ANALYSIS = YES;
				CLANG_WARN_STRICT_PROTOTYPES = YES;
				CLANG_WARN_SUSPICIOUS_MOVE = YES;
				CLANG_WARN_UNGUARDED_AVAILABILITY = YES_AGGRESSIVE;
				CLANG_WARN_UNREACHABLE_CODE = YES;
				CLANG_WARN__DUPLICATE_METHOD_MATCH = YES;
				COPY_PHASE_STRIP = NO;
				DEBUG_INFORMATION_FORMAT = "dwarf-with-dsym";
				ENABLE_NS_ASSERTIONS = NO;
				ENABLE_STRICT_OBJC_MSGSEND = YES;
				ENABLE_USER_SCRIPT_SANDBOXING = YES;
				GCC_C_LANGUAGE_STANDARD = gnu17;
				GCC_NO_COMMON_BLOCKS = YES;
				GCC_WARN_64_TO_32_BIT_CONVERSION = YES;
				GCC_WARN_ABOUT_RETURN_TYPE = YES_ERROR;
				GCC_WARN_UNDECLARED_SELECTOR = YES;
				GCC_WARN_UNINITIALIZED_AUTOS = YES_AGGRESSIVE;
				GCC_WARN_UNUSED_FUNCTION = YES;
				GCC_WARN_UNUSED_VARIABLE = YES;
				LOCALIZATION_PREFERS_STRING_CATALOGS = YES;
				MTL_ENABLE_DEBUG_INFO = NO;
				MTL_FAST_MATH = YES;
				SWIFT_COMPILATION_MODE = wholemodule;
			};
			name = Release;
		};
		1A3ACD762C10659400C1CC43 /* Debug */ = {
			isa = XCBuildConfiguration;
			buildSettings = {
				ASSETCATALOG_COMPILER_APPICON_NAME = AppIcon;
				ASSETCATALOG_COMPILER_GLOBAL_ACCENT_COLOR_NAME = AccentColor;
				CODE_SIGN_ENTITLEMENTS = Quantico/Quantico.entitlements;
				CODE_SIGN_STYLE = Automatic;
				CURRENT_PROJECT_VERSION = 1;
				DEVELOPMENT_ASSET_PATHS = "\"Quantico/Preview Content\"";
				DEVELOPMENT_TEAM = 62Z29H785F;
				ENABLE_HARDENED_RUNTIME = YES;
				ENABLE_PREVIEWS = YES;
				GENERATE_INFOPLIST_FILE = YES;
				"INFOPLIST_KEY_UIApplicationSceneManifest_Generation[sdk=iphoneos*]" = YES;
				"INFOPLIST_KEY_UIApplicationSceneManifest_Generation[sdk=iphonesimulator*]" = YES;
				"INFOPLIST_KEY_UIApplicationSupportsIndirectInputEvents[sdk=iphoneos*]" = YES;
				"INFOPLIST_KEY_UIApplicationSupportsIndirectInputEvents[sdk=iphonesimulator*]" = YES;
				"INFOPLIST_KEY_UILaunchScreen_Generation[sdk=iphoneos*]" = YES;
				"INFOPLIST_KEY_UILaunchScreen_Generation[sdk=iphonesimulator*]" = YES;
				"INFOPLIST_KEY_UIStatusBarStyle[sdk=iphoneos*]" = UIStatusBarStyleDefault;
				"INFOPLIST_KEY_UIStatusBarStyle[sdk=iphonesimulator*]" = UIStatusBarStyleDefault;
				INFOPLIST_KEY_UISupportedInterfaceOrientations_iPad = "UIInterfaceOrientationPortrait UIInterfaceOrientationPortraitUpsideDown UIInterfaceOrientationLandscapeLeft UIInterfaceOrientationLandscapeRight";
				INFOPLIST_KEY_UISupportedInterfaceOrientations_iPhone = "UIInterfaceOrientationPortrait UIInterfaceOrientationLandscapeLeft UIInterfaceOrientationLandscapeRight";
				IPHONEOS_DEPLOYMENT_TARGET = 17.0;
				LD_RUNPATH_SEARCH_PATHS = "@executable_path/Frameworks";
				"LD_RUNPATH_SEARCH_PATHS[sdk=macosx*]" = "@executable_path/../Frameworks";
				MACOSX_DEPLOYMENT_TARGET = 14.5;
				MARKETING_VERSION = 1.0;
				PRODUCT_BUNDLE_IDENTIFIER = com.eurekaffeine.Quantico;
				PRODUCT_NAME = "$(TARGET_NAME)";
				SDKROOT = auto;
				SUPPORTED_PLATFORMS = "iphoneos iphonesimulator macosx";
				SWIFT_EMIT_LOC_STRINGS = YES;
				SWIFT_VERSION = 5.0;
				TARGETED_DEVICE_FAMILY = "1,2";
			};
			name = Debug;
		};
		1A3ACD772C10659400C1CC43 /* Release */ = {
			isa = XCBuildConfiguration;
			buildSettings = {
				ASSETCATALOG_COMPILER_APPICON_NAME = AppIcon;
				ASSETCATALOG_COMPILER_GLOBAL_ACCENT_COLOR_NAME = AccentColor;
				CODE_SIGN_ENTITLEMENTS = Quantico/Quantico.entitlements;
				CODE_SIGN_STYLE = Automatic;
				CURRENT_PROJECT_VERSION = 1;
				DEVELOPMENT_ASSET_PATHS = "\"Quantico/Preview Content\"";
				DEVELOPMENT_TEAM = 62Z29H785F;
				ENABLE_HARDENED_RUNTIME = YES;
				ENABLE_PREVIEWS = YES;
				GENERATE_INFOPLIST_FILE = YES;
				"INFOPLIST_KEY_UIApplicationSceneManifest_Generation[sdk=iphoneos*]" = YES;
				"INFOPLIST_KEY_UIApplicationSceneManifest_Generation[sdk=iphonesimulator*]" = YES;
				"INFOPLIST_KEY_UIApplicationSupportsIndirectInputEvents[sdk=iphoneos*]" = YES;
				"INFOPLIST_KEY_UIApplicationSupportsIndirectInputEvents[sdk=iphonesimulator*]" = YES;
				"INFOPLIST_KEY_UILaunchScreen_Generation[sdk=iphoneos*]" = YES;
				"INFOPLIST_KEY_UILaunchScreen_Generation[sdk=iphonesimulator*]" = YES;
				"INFOPLIST_KEY_UIStatusBarStyle[sdk=iphoneos*]" = UIStatusBarStyleDefault;
				"INFOPLIST_KEY_UIStatusBarStyle[sdk=iphonesimulator*]" = UIStatusBarStyleDefault;
				INFOPLIST_KEY_UISupportedInterfaceOrientations_iPad = "UIInterfaceOrientationPortrait UIInterfaceOrientationPortraitUpsideDown UIInterfaceOrientationLandscapeLeft UIInterfaceOrientationLandscapeRight";
				INFOPLIST_KEY_UISupportedInterfaceOrientations_iPhone = "UIInterfaceOrientationPortrait UIInterfaceOrientationLandscapeLeft UIInterfaceOrientationLandscapeRight";
				IPHONEOS_DEPLOYMENT_TARGET = 17.0;
				LD_RUNPATH_SEARCH_PATHS = "@executable_path/Frameworks";
				"LD_RUNPATH_SEARCH_PATHS[sdk=macosx*]" = "@executable_path/../Frameworks";
				MACOSX_DEPLOYMENT_TARGET = 14.5;
				MARKETING_VERSION = 1.0;
				PRODUCT_BUNDLE_IDENTIFIER = com.eurekaffeine.Quantico;
				PRODUCT_NAME = "$(TARGET_NAME)";
				SDKROOT = auto;
				SUPPORTED_PLATFORMS = "iphoneos iphonesimulator macosx";
				SWIFT_EMIT_LOC_STRINGS = YES;
				SWIFT_VERSION = 5.0;
				TARGETED_DEVICE_FAMILY = "1,2";
			};
			name = Release;
		};
		1A3ACD792C10659400C1CC43 /* Debug */ = {
			isa = XCBuildConfiguration;
			buildSettings = {
				ALWAYS_EMBED_SWIFT_STANDARD_LIBRARIES = YES;
				BUNDLE_LOADER = "$(TEST_HOST)";
				CODE_SIGN_STYLE = Automatic;
				CURRENT_PROJECT_VERSION = 1;
				DEVELOPMENT_TEAM = 62Z29H785F;
				GENERATE_INFOPLIST_FILE = YES;
				IPHONEOS_DEPLOYMENT_TARGET = 17.5;
				MACOSX_DEPLOYMENT_TARGET = 14.5;
				MARKETING_VERSION = 1.0;
				PRODUCT_BUNDLE_IDENTIFIER = com.eurekaffeine.QuanticoTests;
				PRODUCT_NAME = "$(TARGET_NAME)";
				SDKROOT = auto;
				SUPPORTED_PLATFORMS = "iphoneos iphonesimulator macosx";
				SWIFT_EMIT_LOC_STRINGS = NO;
				SWIFT_VERSION = 5.0;
				TARGETED_DEVICE_FAMILY = "1,2";
				TEST_HOST = "$(BUILT_PRODUCTS_DIR)/Quantico.app/$(BUNDLE_EXECUTABLE_FOLDER_PATH)/Quantico";
			};
			name = Debug;
		};
		1A3ACD7A2C10659400C1CC43 /* Release */ = {
			isa = XCBuildConfiguration;
			buildSettings = {
				ALWAYS_EMBED_SWIFT_STANDARD_LIBRARIES = YES;
				BUNDLE_LOADER = "$(TEST_HOST)";
				CODE_SIGN_STYLE = Automatic;
				CURRENT_PROJECT_VERSION = 1;
				DEVELOPMENT_TEAM = 62Z29H785F;
				GENERATE_INFOPLIST_FILE = YES;
				IPHONEOS_DEPLOYMENT_TARGET = 17.5;
				MACOSX_DEPLOYMENT_TARGET = 14.5;
				MARKETING_VERSION = 1.0;
				PRODUCT_BUNDLE_IDENTIFIER = com.eurekaffeine.QuanticoTests;
				PRODUCT_NAME = "$(TARGET_NAME)";
				SDKROOT = auto;
				SUPPORTED_PLATFORMS = "iphoneos iphonesimulator macosx";
				SWIFT_EMIT_LOC_STRINGS = NO;
				SWIFT_VERSION = 5.0;
				TARGETED_DEVICE_FAMILY = "1,2";
				TEST_HOST = "$(BUILT_PRODUCTS_DIR)/Quantico.app/$(BUNDLE_EXECUTABLE_FOLDER_PATH)/Quantico";
			};
			name = Release;
		};
		1A3ACD7C2C10659400C1CC43 /* Debug */ = {
			isa = XCBuildConfiguration;
			buildSettings = {
				ALWAYS_EMBED_SWIFT_STANDARD_LIBRARIES = YES;
				CODE_SIGN_STYLE = Automatic;
				CURRENT_PROJECT_VERSION = 1;
				DEVELOPMENT_TEAM = 62Z29H785F;
				GENERATE_INFOPLIST_FILE = YES;
				IPHONEOS_DEPLOYMENT_TARGET = 17.5;
				MACOSX_DEPLOYMENT_TARGET = 14.5;
				MARKETING_VERSION = 1.0;
				PRODUCT_BUNDLE_IDENTIFIER = com.eurekaffeine.QuanticoUITests;
				PRODUCT_NAME = "$(TARGET_NAME)";
				SDKROOT = auto;
				SUPPORTED_PLATFORMS = "iphoneos iphonesimulator macosx";
				SWIFT_EMIT_LOC_STRINGS = NO;
				SWIFT_VERSION = 5.0;
				TARGETED_DEVICE_FAMILY = "1,2";
				TEST_TARGET_NAME = Quantico;
			};
			name = Debug;
		};
		1A3ACD7D2C10659400C1CC43 /* Release */ = {
			isa = XCBuildConfiguration;
			buildSettings = {
				ALWAYS_EMBED_SWIFT_STANDARD_LIBRARIES = YES;
				CODE_SIGN_STYLE = Automatic;
				CURRENT_PROJECT_VERSION = 1;
				DEVELOPMENT_TEAM = 62Z29H785F;
				GENERATE_INFOPLIST_FILE = YES;
				IPHONEOS_DEPLOYMENT_TARGET = 17.5;
				MACOSX_DEPLOYMENT_TARGET = 14.5;
				MARKETING_VERSION = 1.0;
				PRODUCT_BUNDLE_IDENTIFIER = com.eurekaffeine.QuanticoUITests;
				PRODUCT_NAME = "$(TARGET_NAME)";
				SDKROOT = auto;
				SUPPORTED_PLATFORMS = "iphoneos iphonesimulator macosx";
				SWIFT_EMIT_LOC_STRINGS = NO;
				SWIFT_VERSION = 5.0;
				TARGETED_DEVICE_FAMILY = "1,2";
				TEST_TARGET_NAME = Quantico;
			};
			name = Release;
		};
/* End XCBuildConfiguration section */

/* Begin XCConfigurationList section */
		1A3ACD4B2C10659100C1CC43 /* Build configuration list for PBXProject "Quantico" */ = {
			isa = XCConfigurationList;
			buildConfigurations = (
				1A3ACD732C10659400C1CC43 /* Debug */,
				1A3ACD742C10659400C1CC43 /* Release */,
			);
			defaultConfigurationIsVisible = 0;
			defaultConfigurationName = Release;
		};
		1A3ACD752C10659400C1CC43 /* Build configuration list for PBXNativeTarget "Quantico" */ = {
			isa = XCConfigurationList;
			buildConfigurations = (
				1A3ACD762C10659400C1CC43 /* Debug */,
				1A3ACD772C10659400C1CC43 /* Release */,
			);
			defaultConfigurationIsVisible = 0;
			defaultConfigurationName = Release;
		};
		1A3ACD782C10659400C1CC43 /* Build configuration list for PBXNativeTarget "QuanticoTests" */ = {
			isa = XCConfigurationList;
			buildConfigurations = (
				1A3ACD792C10659400C1CC43 /* Debug */,
				1A3ACD7A2C10659400C1CC43 /* Release */,
			);
			defaultConfigurationIsVisible = 0;
			defaultConfigurationName = Release;
		};
		1A3ACD7B2C10659400C1CC43 /* Build configuration list for PBXNativeTarget "QuanticoUITests" */ = {
			isa = XCConfigurationList;
			buildConfigurations = (
				1A3ACD7C2C10659400C1CC43 /* Debug */,
				1A3ACD7D2C10659400C1CC43 /* Release */,
			);
			defaultConfigurationIsVisible = 0;
			defaultConfigurationName = Release;
		};
/* End XCConfigurationList section */
	};
	rootObject = 1A3ACD482C10659100C1CC43 /* Project object */;
}
